
Microsoft Visual Studio Solution File, Format Version 12.00
# Visual Studio Version 17
VisualStudioVersion = 17.2.32602.215
MinimumVisualStudioVersion = 10.0.40219.1
Project("{9092AA53-FB77-4645-B42D-1CCCA6BD08BD}") = "VuejsWebApp", "VuejsWebApp\VuejsWebApp.njsproj", "{E92653D8-E0C7-41B2-95DE-427320A14E8D}"
EndProject
Global
	GlobalSection(SolutionConfigurationPlatforms) = preSolution
		Debug|Any CPU = Debug|Any CPU
		Release|Any CPU = Release|Any CPU
	EndGlobalSection
	GlobalSection(ProjectConfigurationPlatforms) = postSolution
		{E92653D8-E0C7-41B2-95DE-427320A14E8D}.Debug|Any CPU.ActiveCfg = Debug|Any CPU
		{E92653D8-E0C7-41B2-95DE-427320A14E8D}.Debug|Any CPU.Build.0 = Debug|Any CPU
		{E92653D8-E0C7-41B2-95DE-427320A14E8D}.Release|Any CPU.ActiveCfg = Release|Any CPU
		{E92653D8-E0C7-41B2-95DE-427320A14E8D}.Release|Any CPU.Build.0 = Release|Any CPU
	EndGlobalSection
	GlobalSection(SolutionProperties) = preSolution
		HideSolutionNode = FALSE
	EndGlobalSection
	GlobalSection(ExtensibilityGlobals) = postSolution
		SolutionGuid = {91542BDA-D95B-4110-A2B9-E1EEB90BB670}
	EndGlobalSection
EndGlobal
